
Microsoft Visual Studio Solution File, Format Version 12.00
# Visual Studio 15
Project("{FAE04EC0-301F-11D3-BF4B-00C04F79EFBC}") = "HelloWorldGTK", "HelloWorldGTK\HelloWorldGTK.csproj", "{B6F8D471-162E-4948-91AF-2E19E8794516}"
EndProject
Global
	GlobalSection(SolutionConfigurationPlatforms) = preSolution
		Debug|x86 = Debug|x86
		Release|x86 = Release|x86
	EndGlobalSection
	GlobalSection(ProjectConfigurationPlatforms) = postSolution
		{B6F8D471-162E-4948-91AF-2E19E8794516}.Debug|x86.ActiveCfg = Debug|x86
		{B6F8D471-162E-4948-91AF-2E19E8794516}.Debug|x86.Build.0 = Debug|x86
		{B6F8D471-162E-4948-91AF-2E19E8794516}.Release|x86.ActiveCfg = Release|x86
		{B6F8D471-162E-4948-91AF-2E19E8794516}.Release|x86.Build.0 = Release|x86
	EndGlobalSection
EndGlobal
